{
  "version": 4,
  "terraform_version": "1.8.3",
  "serial": 94,
  "lineage": "1f75ceae-4c23-074f-bc9b-9f7e3501b80d",
  "outputs": {},
  "resources": [
    {
      "mode": "managed",
      "type": "local_file",
      "name": "using_count",
      "provider": "provider[\"registry.terraform.io/hashicorp/local\"]",
      "instances": [
        {
          "index_key": 0,
          "schema_version": 0,
          "attributes": {
            "content": "My index is 0.",
            "content_base64": null,
            "content_base64sha256": "hS2393HbEOkQGPB+CKFAGa6w6A3C5oU/S4WQRBJ4+5I=",
            "content_base64sha512": "GarwUtXM6PO3C9mFhsIYlaH3tpKpBQRlHzTjvvZdx6j1Smf+Dp26Fg9xgEAtrzPLQ1t51170IpysnyYO95ofJQ==",
            "content_md5": "fbb4736c7cce7d6276832f2776e9b544",
            "content_sha1": "005e1b4556ac29fface99834052168587f85afe7",
            "content_sha256": "852db7f771db10e91018f07e08a14019aeb0e80dc2e6853f4b8590441278fb92",
            "content_sha512": "19aaf052d5cce8f3b70bd98586c21895a1f7b692a90504651f34e3bef65dc7a8f54a67fe0e9dba160f7180402daf33cb435b79d75ef4229cac9f260ef79a1f25",
            "directory_permission": "0777",
            "file_permission": "0777",
            "filename": "../tmp/using_count/example-0.txt",
            "id": "005e1b4556ac29fface99834052168587f85afe7",
            "sensitive_content": null,
            "source": null
          },
          "sensitive_attributes": [
            [
              {
                "type": "get_attr",
                "value": "sensitive_content"
              }
            ]
          ]
        },
        {
          "index_key": 1,
          "schema_version": 0,
          "attributes": {
            "content": "My index is 1.",
            "content_base64": null,
            "content_base64sha256": "tuCEXpz+n81Ka1vuNvZYuwhhyZqgUWuniITHKgVVLtQ=",
            "content_base64sha512": "1Y3kyeONpPLPcmIs7HFrPvX90SDAS5es/EN3Nd8gyOr3wijOwfHXGlOr6Tix5YhTRU+NTJ5jcCdfVH1kHmwt/Q==",
            "content_md5": "714920981bef33bc662e1eb727497d70",
            "content_sha1": "845d7ea7675adc4edf7656cde38c6270c65d6f1f",
            "content_sha256": "b6e0845e9cfe9fcd4a6b5bee36f658bb0861c99aa0516ba78884c72a05552ed4",
            "content_sha512": "d58de4c9e38da4f2cf72622cec716b3ef5fdd120c04b97acfc437735df20c8eaf7c228cec1f1d71a53abe938b1e58853454f8d4c9e6370275f547d641e6c2dfd",
            "directory_permission": "0777",
            "file_permission": "0777",
            "filename": "../tmp/using_count/example-1.txt",
            "id": "845d7ea7675adc4edf7656cde38c6270c65d6f1f",
            "sensitive_content": null,
            "source": null
          },
          "sensitive_attributes": [
            [
              {
                "type": "get_attr",
                "value": "sensitive_content"
              }
            ]
          ]
        },
        {
          "index_key": 2,
          "schema_version": 0,
          "attributes": {
            "content": "My index is 2.",
            "content_base64": null,
            "content_base64sha256": "cJpYP9KvOTcIGSbuNliZyW79SU423VzB2ZbLPmVi1us=",
            "content_base64sha512": "BnBPeRcH+esIjQ5CRt3mErjdlMf9sICyS3QN3b8saoySxEjKspszcVHQv2h6CVSbNvSpxSvaOvZBBBpklwGYug==",
            "content_md5": "76d4f02922bc399d1121e74db1ff8245",
            "content_sha1": "983d414bb16da20db3080015adf808aa9c2577fc",
            "content_sha256": "709a583fd2af3937081926ee365899c96efd494e36dd5cc1d996cb3e6562d6eb",
            "content_sha512": "06704f791707f9eb088d0e4246dde612b8dd94c7fdb080b24b740dddbf2c6a8c92c448cab29b337151d0bf687a09549b36f4a9c52bda3af641041a64970198ba",
            "directory_permission": "0777",
            "file_permission": "0777",
            "filename": "../tmp/using_count/example-2.txt",
            "id": "983d414bb16da20db3080015adf808aa9c2577fc",
            "sensitive_content": null,
            "source": null
          },
          "sensitive_attributes": [
            [
              {
                "type": "get_attr",
                "value": "sensitive_content"
              }
            ]
          ]
        },
        {
          "index_key": 3,
          "schema_version": 0,
          "attributes": {
            "content": "My index is 3.",
            "content_base64": null,
            "content_base64sha256": "9vMdIXkN2z6mGpelv1nEwFQytLtC7PrJf6LN4aIvGB8=",
            "content_base64sha512": "d5nhe1vypL2kK5loCFSq4hginPsGGlUWfQDASzYMKsVpXahMaJ5qFY7P786x/ppVa44HBu8sY9QAdGoNkBSK6g==",
            "content_md5": "caafca86dcdd0f3862cce4aa5e5ea27c",
            "content_sha1": "4764ef518185b80de6e3c4a3b69dfc54fbe0a0b5",
            "content_sha256": "f6f31d21790ddb3ea61a97a5bf59c4c05432b4bb42ecfac97fa2cde1a22f181f",
            "content_sha512": "7799e17b5bf2a4bda42b99680854aae218229cfb061a55167d00c04b360c2ac5695da84c689e6a158ecfefceb1fe9a556b8e0706ef2c63d400746a0d90148aea",
            "directory_permission": "0777",
            "file_permission": "0777",
            "filename": "../tmp/using_count/example-3.txt",
            "id": "4764ef518185b80de6e3c4a3b69dfc54fbe0a0b5",
            "sensitive_content": null,
            "source": null
          },
          "sensitive_attributes": [
            [
              {
                "type": "get_attr",
                "value": "sensitive_content"
              }
            ]
          ]
        },
        {
          "index_key": 4,
          "schema_version": 0,
          "attributes": {
            "content": "My index is 4.",
            "content_base64": null,
            "content_base64sha256": "retA89dldiY8B7MIlbzDaSxrUhA66INLAbR1S75mowk=",
            "content_base64sha512": "uV7BdBJ7vtfAhKXgfJwnVZnIFPjcJjSyFIdtdWcXPJmy9cb55xdFAnykrENaocR9jKYXOPEhBo6ryjzOD1/rhQ==",
            "content_md5": "6b7e506fd37c1fcc582ef060db78e681",
            "content_sha1": "70def85de1624196332740d6d239d42ed875b8f0",
            "content_sha256": "adeb40f3d76576263c07b30895bcc3692c6b52103ae8834b01b4754bbe66a309",
            "content_sha512": "b95ec174127bbed7c084a5e07c9c275599c814f8dc2634b214876d7567173c99b2f5c6f9e71745027ca4ac435aa1c47d8ca61738f121068eabca3cce0f5feb85",
            "directory_permission": "0777",
            "file_permission": "0777",
            "filename": "../tmp/using_count/example-4.txt",
            "id": "70def85de1624196332740d6d239d42ed875b8f0",
            "sensitive_content": null,
            "source": null
          },
          "sensitive_attributes": [
            [
              {
                "type": "get_attr",
                "value": "sensitive_content"
              }
            ]
          ]
        }
      ]
    },
    {
      "mode": "managed",
      "type": "local_file",
      "name": "using_for_each_with_keys",
      "provider": "provider[\"registry.terraform.io/hashicorp/local\"]",
      "instances": [
        {
          "index_key": "ap",
          "schema_version": 0,
          "attributes": {
            "content": "My region is `ap`.",
            "content_base64": null,
            "content_base64sha256": "heU2/6ZIasrukwy+HLvPGFz0qEKhInps+YYJuZ7By7c=",
            "content_base64sha512": "bonGEy7dkPeMf6DjIaoA0mO1+63ke0XAUdaHkqDor2R1EZtBItT9uYr/8JzdFBxk+wVvOcJwI87SRfn3vfQ8yg==",
            "content_md5": "f2f436fe36726c963a164b3cc7caded4",
            "content_sha1": "026058298c45275857154af3a667a3b077463992",
            "content_sha256": "85e536ffa6486acaee930cbe1cbbcf185cf4a842a1227a6cf98609b99ec1cbb7",
            "content_sha512": "6e89c6132edd90f78c7fa0e321aa00d263b5fbade47b45c051d68792a0e8af6475119b4122d4fdb98afff09cdd141c64fb056f39c27023ced245f9f7bdf43cca",
            "directory_permission": "0777",
            "file_permission": "0777",
            "filename": "../tmp/using_for_each_with_keys/ap.txt",
            "id": "026058298c45275857154af3a667a3b077463992",
            "sensitive_content": null,
            "source": null
          },
          "sensitive_attributes": [
            [
              {
                "type": "get_attr",
                "value": "sensitive_content"
              }
            ]
          ]
        },
        {
          "index_key": "eu",
          "schema_version": 0,
          "attributes": {
            "content": "My region is `eu`.",
            "content_base64": null,
            "content_base64sha256": "Cjp58Blh7+BGEC+okOnnyzL7Xxv44zDDzS33buZgY0U=",
            "content_base64sha512": "7kO5U8STCX7QR+kePPyN9SdjRK71Pw/hB7SAlCwLVOieCQGvHRLbss4RNljfjF1qEmGnmzKvhelDer94+/tuFg==",
            "content_md5": "179bb7d28d1aba392200c178e91fa8ca",
            "content_sha1": "e26c2eddbce1edc00973eaab6bc8582cbc1b6f4a",
            "content_sha256": "0a3a79f01961efe046102fa890e9e7cb32fb5f1bf8e330c3cd2df76ee6606345",
            "content_sha512": "ee43b953c493097ed047e91e3cfc8df5276344aef53f0fe107b480942c0b54e89e0901af1d12dbb2ce113658df8c5d6a1261a79b32af85e9437abf78fbfb6e16",
            "directory_permission": "0777",
            "file_permission": "0777",
            "filename": "../tmp/using_for_each_with_keys/eu.txt",
            "id": "e26c2eddbce1edc00973eaab6bc8582cbc1b6f4a",
            "sensitive_content": null,
            "source": null
          },
          "sensitive_attributes": [
            [
              {
                "type": "get_attr",
                "value": "sensitive_content"
              }
            ]
          ]
        },
        {
          "index_key": "us",
          "schema_version": 0,
          "attributes": {
            "content": "My region is `us`.",
            "content_base64": null,
            "content_base64sha256": "WEk/rir/McNws4g9yjJD3qg87wNTwFzQBqC2Q2Kq8R4=",
            "content_base64sha512": "esFtw9/0uY2nut7rIA8gcdHhHkU+OdTA28eEBMtmnuuBNDRkBgruzzdjJbn950UkIUSBbv6msEcWTxPssG5QWQ==",
            "content_md5": "d33ce7c9f89957f1e8e29faddda61ff6",
            "content_sha1": "3ecba8ce85957a0b37b43cf8068bace32d8b8f76",
            "content_sha256": "58493fae2aff31c370b3883dca3243dea83cef0353c05cd006a0b64362aaf11e",
            "content_sha512": "7ac16dc3dff4b98da7badeeb200f2071d1e11e453e39d4c0dbc78404cb669eeb81343464060aeecf376325b9fde745242144816efea6b047164f13ecb06e5059",
            "directory_permission": "0777",
            "file_permission": "0777",
            "filename": "../tmp/using_for_each_with_keys/us.txt",
            "id": "3ecba8ce85957a0b37b43cf8068bace32d8b8f76",
            "sensitive_content": null,
            "source": null
          },
          "sensitive_attributes": [
            [
              {
                "type": "get_attr",
                "value": "sensitive_content"
              }
            ]
          ]
        }
      ]
    },
    {
      "mode": "managed",
      "type": "local_file",
      "name": "using_for_each_with_values",
      "provider": "provider[\"registry.terraform.io/hashicorp/local\"]",
      "instances": [
        {
          "index_key": "ap",
          "schema_version": 0,
          "attributes": {
            "content": "ap-northeast-1\nap-southeast-2",
            "content_base64": null,
            "content_base64sha256": "/idTtIOTpkuB6GlT8ObLjN71KOuOWu0i0n+sStqy/SA=",
            "content_base64sha512": "maUlRBdbPhCXAJgwBTBl6nnUPcTN9ZtXv1voG7zgmNmj5hz0N187dNlRFbKm7N1KNpNi9tp6V6EUsSbHBEMuUg==",
            "content_md5": "398d397844b3fdd2b2f4e32d24f6ba61",
            "content_sha1": "4954e708cc325a382bbdebc829747b8ac16bb4cd",
            "content_sha256": "fe2753b48393a64b81e86953f0e6cb8cdef528eb8e5aed22d27fac4adab2fd20",
            "content_sha512": "99a52544175b3e1097009830053065ea79d43dc4cdf59b57bf5be81bbce098d9a3e61cf4375f3b74d95115b2a6ecdd4a369362f6da7a57a114b126c704432e52",
            "directory_permission": "0777",
            "file_permission": "0777",
            "filename": "../tmp/using_for_each_with_values/ap.txt",
            "id": "4954e708cc325a382bbdebc829747b8ac16bb4cd",
            "sensitive_content": null,
            "source": null
          },
          "sensitive_attributes": [
            [
              {
                "type": "get_attr",
                "value": "sensitive_content"
              }
            ]
          ]
        },
        {
          "index_key": "eu",
          "schema_version": 0,
          "attributes": {
            "content": "eu-north-1\neu-west-2",
            "content_base64": null,
            "content_base64sha256": "8LNEt1Ez2L9pbspubtHA/lxyfS6uEoDg4aCzNH/A2WM=",
            "content_base64sha512": "LBUnCdEXKSuJC2vr6jzJ5X+OHCjmx3xWY+LmTSFw4v35DltAAFOKZ+QBrKvPPG4LtoPlFHTWjmXPOhy7Tfsy5g==",
            "content_md5": "92a40c63b01467ae475d2da6b8414fc2",
            "content_sha1": "71b843f4b78a781d098f8cf9fb79e6d5437adcb0",
            "content_sha256": "f0b344b75133d8bf696eca6e6ed1c0fe5c727d2eae1280e0e1a0b3347fc0d963",
            "content_sha512": "2c152709d117292b890b6bebea3cc9e57f8e1c28e6c77c5663e2e64d2170e2fdf90e5b4000538a67e401acabcf3c6e0bb683e51474d68e65cf3a1cbb4dfb32e6",
            "directory_permission": "0777",
            "file_permission": "0777",
            "filename": "../tmp/using_for_each_with_values/eu.txt",
            "id": "71b843f4b78a781d098f8cf9fb79e6d5437adcb0",
            "sensitive_content": null,
            "source": null
          },
          "sensitive_attributes": [
            [
              {
                "type": "get_attr",
                "value": "sensitive_content"
              }
            ]
          ]
        },
        {
          "index_key": "us",
          "schema_version": 0,
          "attributes": {
            "content": "us-east-1\nus-west-2",
            "content_base64": null,
            "content_base64sha256": "9jY+lSWOMCNZaNgJgYigcI1jFTRGJXJzbqbQQo6IwVM=",
            "content_base64sha512": "DUPNjO2WLsdzpBxnJrMzNAHrJ9x/Kqy0ddLt5uKGBOyOXTXyXsehP+62+Jo9QRP/QTnzcyD+sfJpcAC6I04PGw==",
            "content_md5": "54f3d8e22b83e1ad32b271ca547f5ee3",
            "content_sha1": "427a7cf9be6ed3756b0f32d33d54c5f79bfdf93d",
            "content_sha256": "f6363e95258e30235968d8098188a0708d631534462572736ea6d0428e88c153",
            "content_sha512": "0d43cd8ced962ec773a41c6726b3333401eb27dc7f2aacb475d2ede6e28604ec8e5d35f25ec7a13feeb6f89a3d4113ff4139f37320feb1f2697000ba234e0f1b",
            "directory_permission": "0777",
            "file_permission": "0777",
            "filename": "../tmp/using_for_each_with_values/us.txt",
            "id": "427a7cf9be6ed3756b0f32d33d54c5f79bfdf93d",
            "sensitive_content": null,
            "source": null
          },
          "sensitive_attributes": [
            [
              {
                "type": "get_attr",
                "value": "sensitive_content"
              }
            ]
          ]
        }
      ]
    },
    {
      "mode": "managed",
      "type": "local_file",
      "name": "using_nested_for_each",
      "provider": "provider[\"registry.terraform.io/hashicorp/local\"]",
      "instances": [
        {
          "index_key": "hashicorp",
          "schema_version": 0,
          "attributes": {
            "content": "URL: https://apt.releases.hashicorp.com\nKey: https://apt.releases.hashicorp.com/gpg\n",
            "content_base64": null,
            "content_base64sha256": "5E1FxeB7SRGMIQfbIYjNhCHyjTrz2JtnPLecMGUrR5I=",
            "content_base64sha512": "hAfo1znkkMfuIwb8spNnggU3yjp+6MmqXagCj60URtkXVfG+4DQo7Xq20Vp1GhQdlfVVSH+zdtfCw3FYWtNdFQ==",
            "content_md5": "61d71f7f931a74434d4d4fdf1481e1ef",
            "content_sha1": "952642d1f5e6d3d67c512883ad49717a09a9e288",
            "content_sha256": "e44d45c5e07b49118c2107db2188cd8421f28d3af3d89b673cb79c30652b4792",
            "content_sha512": "8407e8d739e490c7ee2306fcb29367820537ca3a7ee8c9aa5da8028fad1446d91755f1bee03428ed7ab6d15a751a141d95f555487fb376d7c2c371585ad35d15",
            "directory_permission": "0777",
            "file_permission": "0777",
            "filename": "../tmp/using_nested_for_each/hashicorp.txt",
            "id": "952642d1f5e6d3d67c512883ad49717a09a9e288",
            "sensitive_content": null,
            "source": null
          },
          "sensitive_attributes": [
            [
              {
                "type": "get_attr",
                "value": "sensitive_content"
              }
            ]
          ]
        },
        {
          "index_key": "osquery",
          "schema_version": 0,
          "attributes": {
            "content": "URL: https://pkg.osquery.io/deb\nKey: https://pkg.osquery.io/deb/osquery.gpg.key\n",
            "content_base64": null,
            "content_base64sha256": "00FlEouR6ko5r9ikH/dlk+FjyCiDfGhE6FARYfin8lo=",
            "content_base64sha512": "LcuXC6YNTExJ+1pRw8EYK6SqLoUsRcZv9UJST753KTrQdEFMee/73HqsX0sG3O80uCpmJ9PgZySfW3VhJfNvkw==",
            "content_md5": "5b51c6fcd4ca600d5f29e8e53adfd53c",
            "content_sha1": "88da1d7359f396efad36b4e75505dfa696accb43",
            "content_sha256": "d34165128b91ea4a39afd8a41ff76593e163c828837c6844e8501161f8a7f25a",
            "content_sha512": "2dcb970ba60d4c4c49fb5a51c3c1182ba4aa2e852c45c66ff542524fbe77293ad074414c79effbdc7aac5f4b06dcef34b82a6627d3e067249f5b756125f36f93",
            "directory_permission": "0777",
            "file_permission": "0777",
            "filename": "../tmp/using_nested_for_each/osquery.txt",
            "id": "88da1d7359f396efad36b4e75505dfa696accb43",
            "sensitive_content": null,
            "source": null
          },
          "sensitive_attributes": [
            [
              {
                "type": "get_attr",
                "value": "sensitive_content"
              }
            ]
          ]
        }
      ]
    },
    {
      "mode": "managed",
      "type": "local_file",
      "name": "using_nested_for_each_with_templates",
      "provider": "provider[\"registry.terraform.io/hashicorp/local\"]",
      "instances": [
        {
          "index_key": "hashicorp",
          "schema_version": 0,
          "attributes": {
            "content": "#!/bin/sh\n\n# This is a Terraform-generated file.\n# Manual changes will be overwritten.\n\nwget -O- https://apt.releases.hashicorp.com/gpg | gpg --dearmor | sudo tee /usr/share/keyrings/hashicorp-keyring.gpg\necho \"deb [signed-by=/usr/share/keyrings/hashicorp-keyring.gpg] https://apt.releases.hashicorp.com $(lsb_release -cs) main\" | sudo tee /etc/apt/sources.list.d/hashicorp.list\n",
            "content_base64": null,
            "content_base64sha256": "JOwrC+PS5GtAEJPeeTM/vxyKc+AVUkvfdLJNavE9uGo=",
            "content_base64sha512": "hAIKGp4tMXG5guVveGCk9Q3LcEKCreAgHIDy3SfFc/CtMmQhvh0PYdLQDEpFlxMe92Oz/L0q6EuCCws5tdBaug==",
            "content_md5": "a641cc0965a2deba15439087511c2e5d",
            "content_sha1": "68e31d1370b05e6be9567a463a867b62040cdf69",
            "content_sha256": "24ec2b0be3d2e46b401093de79333fbf1c8a73e015524bdf74b24d6af13db86a",
            "content_sha512": "84020a1a9e2d3171b982e56f7860a4f50dcb704282ade0201c80f2dd27c573f0ad326421be1d0f61d2d00c4a4597131ef763b3fcbd2ae84b820b0b39b5d05aba",
            "directory_permission": "0777",
            "file_permission": "0777",
            "filename": "../tmp/using_nested_for_each/hashicorp.sh",
            "id": "68e31d1370b05e6be9567a463a867b62040cdf69",
            "sensitive_content": null,
            "source": null
          },
          "sensitive_attributes": [
            [
              {
                "type": "get_attr",
                "value": "sensitive_content"
              }
            ]
          ]
        },
        {
          "index_key": "osquery",
          "schema_version": 0,
          "attributes": {
            "content": "#!/bin/sh\n\n# This is a Terraform-generated file.\n# Manual changes will be overwritten.\n\nwget -O- https://pkg.osquery.io/deb/osquery.gpg.key | gpg --dearmor | sudo tee /usr/share/keyrings/osquery-keyring.gpg\necho \"deb [signed-by=/usr/share/keyrings/osquery-keyring.gpg] https://pkg.osquery.io/deb $(lsb_release -cs) main\" | sudo tee /etc/apt/sources.list.d/osquery.list\n",
            "content_base64": null,
            "content_base64sha256": "9nlre5DxFAP4m2TIzJM9AcTD9CT0vXQNpHOEq561bLE=",
            "content_base64sha512": "ywyPOc83jf980fx48f+Qn2XWJVNPdkidNLSkHu2LZQxtUt9qWeSmojAvu/x5pe7NuVeVtVUme2QTm/2VMyComw==",
            "content_md5": "36b9e9f98def8b1206cf56ee643249d3",
            "content_sha1": "04b6939e99e5332e09f1f2e808cdfb49ef9d8d54",
            "content_sha256": "f6796b7b90f11403f89b64c8cc933d01c4c3f424f4bd740da47384ab9eb56cb1",
            "content_sha512": "cb0c8f39cf378dff7cd1fc78f1ff909f65d625534f76489d34b4a41eed8b650c6d52df6a59e4a6a2302fbbfc79a5eecdb95795b555267b64139bfd953320a89b",
            "directory_permission": "0777",
            "file_permission": "0777",
            "filename": "../tmp/using_nested_for_each/osquery.sh",
            "id": "04b6939e99e5332e09f1f2e808cdfb49ef9d8d54",
            "sensitive_content": null,
            "source": null
          },
          "sensitive_attributes": [
            [
              {
                "type": "get_attr",
                "value": "sensitive_content"
              }
            ]
          ]
        }
      ]
    }
  ],
  "check_results": [
    {
      "object_kind": "var",
      "config_addr": "var.filename_for_count",
      "status": "pass",
      "objects": [
        {
          "object_addr": "var.filename_for_count",
          "status": "pass"
        }
      ]
    }
  ]
}
